// !$*UTF8*$!
{
	archiveVersion = 1;
	classes = {
	};
	objectVersion = 46;
	objects = {

/* Begin PBXBuildFile section */
		465DC3351A8F5BAD006FB87E /* 1.png in Resources */ = {isa = PBXBuildFile; fileRef = 465DC32D1A8F5BAD006FB87E /* 1.png */; };
		465DC3361A8F5BAD006FB87E /* 2.png in Resources */ = {isa = PBXBuildFile; fileRef = 465DC32E1A8F5BAD006FB87E /* 2.png */; };
		465DC3371A8F5BAD006FB87E /* 3.png in Resources */ = {isa = PBXBuildFile; fileRef = 465DC32F1A8F5BAD006FB87E /* 3.png */; };
		465DC3381A8F5BAD006FB87E /* 4.png in Resources */ = {isa = PBXBuildFile; fileRef = 465DC3301A8F5BAD006FB87E /* 4.png */; };
		465DC3391A8F5BAD006FB87E /* 5.png in Resources */ = {isa = PBXBuildFile; fileRef = 465DC3311A8F5BAD006FB87E /* 5.png */; };
		465DC33A1A8F5BAD006FB87E /* 6.png in Resources */ = {isa = PBXBuildFile; fileRef = 465DC3321A8F5BAD006FB87E /* 6.png */; };
		465DC33B1A8F5BAD006FB87E /* 7.png in Resources */ = {isa = PBXBuildFile; fileRef = 465DC3331A8F5BAD006FB87E /* 7.png */; };
		465DC33C1A8F5BAD006FB87E /* 8.png in Resources */ = {isa = PBXBuildFile; fileRef = 465DC3341A8F5BAD006FB87E /* 8.png */; };
		466822F91A8F4D3900609F32 /* main.m in Sources */ = {isa = PBXBuildFile; fileRef = 466822F81A8F4D3900609F32 /* main.m */; };
		466822FC1A8F4D3900609F32 /* AppDelegate.m in Sources */ = {isa = PBXBuildFile; fileRef = 466822FB1A8F4D3900609F32 /* AppDelegate.m */; };
		466822FF1A8F4D3900609F32 /* ViewController.m in Sources */ = {isa = PBXBuildFile; fileRef = 466822FE1A8F4D3900609F32 /* ViewController.m */; };
		466823021A8F4D3900609F32 /* Main.storyboard in Resources */ = {isa = PBXBuildFile; fileRef = 466823001A8F4D3900609F32 /* Main.storyboard */; };
		466823041A8F4D3900609F32 /* Images.xcassets in Resources */ = {isa = PBXBuildFile; fileRef = 466823031A8F4D3900609F32 /* Images.xcassets */; };
		466823071A8F4D3900609F32 /* LaunchScreen.xib in Resources */ = {isa = PBXBuildFile; fileRef = 466823051A8F4D3900609F32 /* LaunchScreen.xib */; };
		466823131A8F4D3900609F32 /* CHXBannerViewTests.m in Sources */ = {isa = PBXBuildFile; fileRef = 466823121A8F4D3900609F32 /* CHXBannerViewTests.m */; };
		466823201A8F4D7000609F32 /* CHXBannerView.m in Sources */ = {isa = PBXBuildFile; fileRef = 4668231F1A8F4D7000609F32 /* CHXBannerView.m */; };
		46FA93751B554F68006E7930 /* NSTimer+CHXAddition.m in Sources */ = {isa = PBXBuildFile; fileRef = 46FA93741B554F68006E7930 /* NSTimer+CHXAddition.m */; };
/* End PBXBuildFile section */

/* Begin PBXContainerItemProxy section */
		4668230D1A8F4D3900609F32 /* PBXContainerItemProxy */ = {
			isa = PBXContainerItemProxy;
			containerPortal = 466822EB1A8F4D3900609F32 /* Project object */;
			proxyType = 1;
			remoteGlobalIDString = 466822F21A8F4D3900609F32;
			remoteInfo = CHXBannerView;
		};
/* End PBXContainerItemProxy section */

/* Begin PBXFileReference section */
		4635813A1A8FAD6700C7E412 /* PrefixHeader.pch */ = {isa = PBXFileReference; lastKnownFileType = sourcecode.c.h; path = PrefixHeader.pch; sourceTree = "<group>"; };
		465DC32D1A8F5BAD006FB87E /* 1.png */ = {isa = PBXFileReference; lastKnownFileType = image.png; path = 1.png; sourceTree = "<group>"; };
		465DC32E1A8F5BAD006FB87E /* 2.png */ = {isa = PBXFileReference; lastKnownFileType = image.png; path = 2.png; sourceTree = "<group>"; };
		465DC32F1A8F5BAD006FB87E /* 3.png */ = {isa = PBXFileReference; lastKnownFileType = image.png; path = 3.png; sourceTree = "<group>"; };
		465DC3301A8F5BAD006FB87E /* 4.png */ = {isa = PBXFileReference; lastKnownFileType = image.png; path = 4.png; sourceTree = "<group>"; };
		465DC3311A8F5BAD006FB87E /* 5.png */ = {isa = PBXFileReference; lastKnownFileType = image.png; path = 5.png; sourceTree = "<group>"; };
		465DC3321A8F5BAD006FB87E /* 6.png */ = {isa = PBXFileReference; lastKnownFileType = image.png; path = 6.png; sourceTree = "<group>"; };
		465DC3331A8F5BAD006FB87E /* 7.png */ = {isa = PBXFileReference; lastKnownFileType = image.png; path = 7.png; sourceTree = "<group>"; };
		465DC3341A8F5BAD006FB87E /* 8.png */ = {isa = PBXFileReference; lastKnownFileType = image.png; path = 8.png; sourceTree = "<group>"; };
		466822F31A8F4D3900609F32 /* CHXBannerView.app */ = {isa = PBXFileReference; explicitFileType = wrapper.application; includeInIndex = 0; path = CHXBannerView.app; sourceTree = BUILT_PRODUCTS_DIR; };
		466822F71A8F4D3900609F32 /* Info.plist */ = {isa = PBXFileReference; lastKnownFileType = text.plist.xml; path = Info.plist; sourceTree = "<group>"; };
		466822F81A8F4D3900609F32 /* main.m */ = {isa = PBXFileReference; lastKnownFileType = sourcecode.c.objc; path = main.m; sourceTree = "<group>"; };
		466822FA1A8F4D3900609F32 /* AppDelegate.h */ = {isa = PBXFileReference; lastKnownFileType = sourcecode.c.h; path = AppDelegate.h; sourceTree = "<group>"; };
		466822FB1A8F4D3900609F32 /* AppDelegate.m */ = {isa = PBXFileReference; lastKnownFileType = sourcecode.c.objc; path = AppDelegate.m; sourceTree = "<group>"; };
		466822FD1A8F4D3900609F32 /* ViewController.h */ = {isa = PBXFileReference; lastKnownFileType = sourcecode.c.h; path = ViewController.h; sourceTree = "<group>"; };
		466822FE1A8F4D3900609F32 /* ViewController.m */ = {isa = PBXFileReference; lastKnownFileType = sourcecode.c.objc; path = ViewController.m; sourceTree = "<group>"; };
		466823011A8F4D3900609F32 /* Base */ = {isa = PBXFileReference; lastKnownFileType = file.storyboard; name = Base; path = Base.lproj/Main.storyboard; sourceTree = "<group>"; };
		466823031A8F4D3900609F32 /* Images.xcassets */ = {isa = PBXFileReference; lastKnownFileType = folder.assetcatalog; path = Images.xcassets; sourceTree = "<group>"; };
		466823061A8F4D3900609F32 /* Base */ = {isa = PBXFileReference; lastKnownFileType = file.xib; name = Base; path = Base.lproj/LaunchScreen.xib; sourceTree = "<group>"; };
		4668230C1A8F4D3900609F32 /* CHXBannerViewTests.xctest */ = {isa = PBXFileReference; explicitFileType = wrapper.cfbundle; includeInIndex = 0; path = CHXBannerViewTests.xctest; sourceTree = BUILT_PRODUCTS_DIR; };
		466823111A8F4D3900609F32 /* Info.plist */ = {isa = PBXFileReference; lastKnownFileType = text.plist.xml; path = Info.plist; sourceTree = "<group>"; };
		466823121A8F4D3900609F32 /* CHXBannerViewTests.m */ = {isa = PBXFileReference; lastKnownFileType = sourcecode.c.objc; path = CHXBannerViewTests.m; sourceTree = "<group>"; };
		4668231E1A8F4D7000609F32 /* CHXBannerView.h */ = {isa = PBXFileReference; fileEncoding = 4; lastKnownFileType = sourcecode.c.h; path = CHXBannerView.h; sourceTree = "<group>"; };
		4668231F1A8F4D7000609F32 /* CHXBannerView.m */ = {isa = PBXFileReference; fileEncoding = 4; lastKnownFileType = sourcecode.c.objc; path = CHXBannerView.m; sourceTree = "<group>"; };
		4681C3531B59EB9D00484C60 /* CHXBannerViewDataSource.h */ = {isa = PBXFileReference; fileEncoding = 4; lastKnownFileType = sourcecode.c.h; path = CHXBannerViewDataSource.h; sourceTree = "<group>"; };
		4681C3541B59EBA800484C60 /* CHXBannerViewDelegate.h */ = {isa = PBXFileReference; fileEncoding = 4; lastKnownFileType = sourcecode.c.h; path = CHXBannerViewDelegate.h; sourceTree = "<group>"; };
		46FA93731B554F68006E7930 /* NSTimer+CHXAddition.h */ = {isa = PBXFileReference; fileEncoding = 4; lastKnownFileType = sourcecode.c.h; path = "NSTimer+CHXAddition.h"; sourceTree = "<group>"; };
		46FA93741B554F68006E7930 /* NSTimer+CHXAddition.m */ = {isa = PBXFileReference; fileEncoding = 4; lastKnownFileType = sourcecode.c.objc; path = "NSTimer+CHXAddition.m"; sourceTree = "<group>"; };
/* End PBXFileReference section */

/* Begin PBXFrameworksBuildPhase section */
		466822F01A8F4D3900609F32 /* Frameworks */ = {
			isa = PBXFrameworksBuildPhase;
			buildActionMask = 2147483647;
			files = (
			);
			runOnlyForDeploymentPostprocessing = 0;
		};
		466823091A8F4D3900609F32 /* Frameworks */ = {
			isa = PBXFrameworksBuildPhase;
			buildActionMask = 2147483647;
			files = (
			);
			runOnlyForDeploymentPostprocessing = 0;
		};
/* End PBXFrameworksBuildPhase section */

/* Begin PBXGroup section */
		465DC32C1A8F5BAD006FB87E /* images */ = {
			isa = PBXGroup;
			children = (
				465DC32D1A8F5BAD006FB87E /* 1.png */,
				465DC32E1A8F5BAD006FB87E /* 2.png */,
				465DC32F1A8F5BAD006FB87E /* 3.png */,
				465DC3301A8F5BAD006FB87E /* 4.png */,
				465DC3311A8F5BAD006FB87E /* 5.png */,
				465DC3321A8F5BAD006FB87E /* 6.png */,
				465DC3331A8F5BAD006FB87E /* 7.png */,
				465DC3341A8F5BAD006FB87E /* 8.png */,
			);
			path = images;
			sourceTree = "<group>";
		};
		466822EA1A8F4D3900609F32 = {
			isa = PBXGroup;
			children = (
				466822F51A8F4D3900609F32 /* CHXBannerView */,
				4668230F1A8F4D3900609F32 /* CHXBannerViewTests */,
				466822F41A8F4D3900609F32 /* Products */,
			);
			sourceTree = "<group>";
		};
		466822F41A8F4D3900609F32 /* Products */ = {
			isa = PBXGroup;
			children = (
				466822F31A8F4D3900609F32 /* CHXBannerView.app */,
				4668230C1A8F4D3900609F32 /* CHXBannerViewTests.xctest */,
			);
			name = Products;
			sourceTree = "<group>";
		};
		466822F51A8F4D3900609F32 /* CHXBannerView */ = {
			isa = PBXGroup;
			children = (
				4668231D1A8F4D5300609F32 /* Sample */,
				4668231C1A8F4D4900609F32 /* Source */,
				466823031A8F4D3900609F32 /* Images.xcassets */,
				466823051A8F4D3900609F32 /* LaunchScreen.xib */,
				466822F61A8F4D3900609F32 /* Supporting Files */,
			);
			path = CHXBannerView;
			sourceTree = "<group>";
		};
		466822F61A8F4D3900609F32 /* Supporting Files */ = {
			isa = PBXGroup;
			children = (
				466822F71A8F4D3900609F32 /* Info.plist */,
				466822F81A8F4D3900609F32 /* main.m */,
				4635813A1A8FAD6700C7E412 /* PrefixHeader.pch */,
			);
			path = "Supporting Files";
			sourceTree = "<group>";
		};
		4668230F1A8F4D3900609F32 /* CHXBannerViewTests */ = {
			isa = PBXGroup;
			children = (
				466823121A8F4D3900609F32 /* CHXBannerViewTests.m */,
				466823101A8F4D3900609F32 /* Supporting Files */,
			);
			path = CHXBannerViewTests;
			sourceTree = "<group>";
		};
		466823101A8F4D3900609F32 /* Supporting Files */ = {
			isa = PBXGroup;
			children = (
				466823111A8F4D3900609F32 /* Info.plist */,
			);
			path = "Supporting Files";
			sourceTree = "<group>";
		};
		4668231C1A8F4D4900609F32 /* Source */ = {
			isa = PBXGroup;
			children = (
				4668231E1A8F4D7000609F32 /* CHXBannerView.h */,
				4668231F1A8F4D7000609F32 /* CHXBannerView.m */,
				46FA93731B554F68006E7930 /* NSTimer+CHXAddition.h */,
				46FA93741B554F68006E7930 /* NSTimer+CHXAddition.m */,
				4681C3531B59EB9D00484C60 /* CHXBannerViewDataSource.h */,
				4681C3541B59EBA800484C60 /* CHXBannerViewDelegate.h */,
			);
			path = Source;
			sourceTree = "<group>";
		};
		4668231D1A8F4D5300609F32 /* Sample */ = {
			isa = PBXGroup;
			children = (
				465DC32C1A8F5BAD006FB87E /* images */,
				466822FA1A8F4D3900609F32 /* AppDelegate.h */,
				466822FB1A8F4D3900609F32 /* AppDelegate.m */,
				466822FD1A8F4D3900609F32 /* ViewController.h */,
				466822FE1A8F4D3900609F32 /* ViewController.m */,
				466823001A8F4D3900609F32 /* Main.storyboard */,
			);
			path = Sample;
			sourceTree = "<group>";
		};
/* End PBXGroup section */

/* Begin PBXNativeTarget section */
		466822F21A8F4D3900609F32 /* CHXBannerView */ = {
			isa = PBXNativeTarget;
			buildConfigurationList = 466823161A8F4D3900609F32 /* Build configuration list for PBXNativeTarget "CHXBannerView" */;
			buildPhases = (
				466822EF1A8F4D3900609F32 /* Sources */,
				466822F01A8F4D3900609F32 /* Frameworks */,
				466822F11A8F4D3900609F32 /* Resources */,
			);
			buildRules = (
			);
			dependencies = (
			);
			name = CHXBannerView;
			productName = CHXBannerView;
			productReference = 466822F31A8F4D3900609F32 /* CHXBannerView.app */;
			productType = "com.apple.product-type.application";
		};
		4668230B1A8F4D3900609F32 /* CHXBannerViewTests */ = {
			isa = PBXNativeTarget;
			buildConfigurationList = 466823191A8F4D3900609F32 /* Build configuration list for PBXNativeTarget "CHXBannerViewTests" */;
			buildPhases = (
				466823081A8F4D3900609F32 /* Sources */,
				466823091A8F4D3900609F32 /* Frameworks */,
				4668230A1A8F4D3900609F32 /* Resources */,
			);
			buildRules = (
			);
			dependencies = (
				4668230E1A8F4D3900609F32 /* PBXTargetDependency */,
			);
			name = CHXBannerViewTests;
			productName = CHXBannerViewTests;
			productReference = 4668230C1A8F4D3900609F32 /* CHXBannerViewTests.xctest */;
			productType = "com.apple.product-type.bundle.unit-test";
		};
/* End PBXNativeTarget section */

/* Begin PBXProject section */
		466822EB1A8F4D3900609F32 /* Project object */ = {
			isa = PBXProject;
			attributes = {
				LastUpgradeCheck = 0610;
				ORGANIZATIONNAME = Foobar;
				TargetAttributes = {
					466822F21A8F4D3900609F32 = {
						CreatedOnToolsVersion = 6.1.1;
					};
					4668230B1A8F4D3900609F32 = {
						CreatedOnToolsVersion = 6.1.1;
						TestTargetID = 466822F21A8F4D3900609F32;
					};
				};
			};
			buildConfigurationList = 466822EE1A8F4D3900609F32 /* Build configuration list for PBXProject "CHXBannerView" */;
			compatibilityVersion = "Xcode 3.2";
			developmentRegion = English;
			hasScannedForEncodings = 0;
			knownRegions = (
				en,
				Base,
			);
			mainGroup = 466822EA1A8F4D3900609F32;
			productRefGroup = 466822F41A8F4D3900609F32 /* Products */;
			projectDirPath = "";
			projectRoot = "";
			targets = (
				466822F21A8F4D3900609F32 /* CHXBannerView */,
				4668230B1A8F4D3900609F32 /* CHXBannerViewTests */,
			);
		};
/* End PBXProject section */

/* Begin PBXResourcesBuildPhase section */
		466822F11A8F4D3900609F32 /* Resources */ = {
			isa = PBXResourcesBuildPhase;
			buildActionMask = 2147483647;
			files = (
				465DC33C1A8F5BAD006FB87E /* 8.png in Resources */,
				466823021A8F4D3900609F32 /* Main.storyboard in Resources */,
				465DC3381A8F5BAD006FB87E /* 4.png in Resources */,
				465DC3351A8F5BAD006FB87E /* 1.png in Resources */,
				465DC33A1A8F5BAD006FB87E /* 6.png in Resources */,
				465DC3361A8F5BAD006FB87E /* 2.png in Resources */,
				465DC3371A8F5BAD006FB87E /* 3.png in Resources */,
				465DC3391A8F5BAD006FB87E /* 5.png in Resources */,
				465DC33B1A8F5BAD006FB87E /* 7.png in Resources */,
				466823071A8F4D3900609F32 /* LaunchScreen.xib in Resources */,
				466823041A8F4D3900609F32 /* Images.xcassets in Resources */,
			);
			runOnlyForDeploymentPostprocessing = 0;
		};
		4668230A1A8F4D3900609F32 /* Resources */ = {
			isa = PBXResourcesBuildPhase;
			buildActionMask = 2147483647;
			files = (
			);
			runOnlyForDeploymentPostprocessing = 0;
		};
/* End PBXResourcesBuildPhase section */

/* Begin PBXSourcesBuildPhase section */
		466822EF1A8F4D3900609F32 /* Sources */ = {
			isa = PBXSourcesBuildPhase;
			buildActionMask = 2147483647;
			files = (
				466822FF1A8F4D3900609F32 /* ViewController.m in Sources */,
				466822FC1A8F4D3900609F32 /* AppDelegate.m in Sources */,
				466823201A8F4D7000609F32 /* CHXBannerView.m in Sources */,
				466822F91A8F4D3900609F32 /* main.m in Sources */,
				46FA93751B554F68006E7930 /* NSTimer+CHXAddition.m in Sources */,
			);
			runOnlyForDeploymentPostprocessing = 0;
		};
		466823081A8F4D3900609F32 /* Sources */ = {
			isa = PBXSourcesBuildPhase;
			buildActionMask = 2147483647;
			files = (
				466823131A8F4D3900609F32 /* CHXBannerViewTests.m in Sources */,
			);
			runOnlyForDeploymentPostprocessing = 0;
		};
/* End PBXSourcesBuildPhase section */

/* Begin PBXTargetDependency section */
		4668230E1A8F4D3900609F32 /* PBXTargetDependency */ = {
			isa = PBXTargetDependency;
			target = 466822F21A8F4D3900609F32 /* CHXBannerView */;
			targetProxy = 4668230D1A8F4D3900609F32 /* PBXContainerItemProxy */;
		};
/* End PBXTargetDependency section */

/* Begin PBXVariantGroup section */
		466823001A8F4D3900609F32 /* Main.storyboard */ = {
			isa = PBXVariantGroup;
			children = (
				466823011A8F4D3900609F32 /* Base */,
			);
			name = Main.storyboard;
			path = .;
			sourceTree = "<group>";
		};
		466823051A8F4D3900609F32 /* LaunchScreen.xib */ = {
			isa = PBXVariantGroup;
			children = (
				466823061A8F4D3900609F32 /* Base */,
			);
			name = LaunchScreen.xib;
			path = .;
			sourceTree = "<group>";
		};
/* End PBXVariantGroup section */

/* Begin XCBuildConfiguration section */
		466823141A8F4D3900609F32 /* Debug */ = {
			isa = XCBuildConfiguration;
			buildSettings = {
				ALWAYS_SEARCH_USER_PATHS = NO;
				CLANG_CXX_LANGUAGE_STANDARD = "gnu++0x";
				CLANG_CXX_LIBRARY = "libc++";
				CLANG_ENABLE_MODULES = YES;
				CLANG_ENABLE_OBJC_ARC = YES;
				CLANG_WARN_BOOL_CONVERSION = YES;
				CLANG_WARN_CONSTANT_CONVERSION = YES;
				CLANG_WARN_DIRECT_OBJC_ISA_USAGE = YES_ERROR;
				CLANG_WARN_EMPTY_BODY = YES;
				CLANG_WARN_ENUM_CONVERSION = YES;
				CLANG_WARN_INT_CONVERSION = YES;
				CLANG_WARN_OBJC_ROOT_CLASS = YES_ERROR;
				CLANG_WARN_UNREACHABLE_CODE = YES;
				CLANG_WARN__DUPLICATE_METHOD_MATCH = YES;
				"CODE_SIGN_IDENTITY[sdk=iphoneos*]" = "iPhone Developer";
				COPY_PHASE_STRIP = NO;
				ENABLE_STRICT_OBJC_MSGSEND = YES;
				GCC_C_LANGUAGE_STANDARD = gnu99;
				GCC_DYNAMIC_NO_PIC = NO;
				GCC_OPTIMIZATION_LEVEL = 0;
				GCC_PREPROCESSOR_DEFINITIONS = (
					"DEBUG=1",
					"$(inherited)",
				);
				GCC_SYMBOLS_PRIVATE_EXTERN = NO;
				GCC_WARN_64_TO_32_BIT_CONVERSION = YES;
				GCC_WARN_ABOUT_RETURN_TYPE = YES_ERROR;
				GCC_WARN_UNDECLARED_SELECTOR = YES;
				GCC_WARN_UNINITIALIZED_AUTOS = YES_AGGRESSIVE;
				GCC_WARN_UNUSED_FUNCTION = YES;
				GCC_WARN_UNUSED_VARIABLE = YES;
				IPHONEOS_DEPLOYMENT_TARGET = 8.1;
				MTL_ENABLE_DEBUG_INFO = YES;
				ONLY_ACTIVE_ARCH = YES;
				SDKROOT = iphoneos;
			};
			name = Debug;
		};
		466823151A8F4D3900609F32 /* Release */ = {
			isa = XCBuildConfiguration;
			buildSettings = {
				ALWAYS_SEARCH_USER_PATHS = NO;
				CLANG_CXX_LANGUAGE_STANDARD = "gnu++0x";
				CLANG_CXX_LIBRARY = "libc++";
				CLANG_ENABLE_MODULES = YES;
				CLANG_ENABLE_OBJC_ARC = YES;
				CLANG_WARN_BOOL_CONVERSION = YES;
				CLANG_WARN_CONSTANT_CONVERSION = YES;
				CLANG_WARN_DIRECT_OBJC_ISA_USAGE = YES_ERROR;
				CLANG_WARN_EMPTY_BODY = YES;
				CLANG_WARN_ENUM_CONVERSION = YES;
				CLANG_WARN_INT_CONVERSION = YES;
				CLANG_WARN_OBJC_ROOT_CLASS = YES_ERROR;
				CLANG_WARN_UNREACHABLE_CODE = YES;
				CLANG_WARN__DUPLICATE_METHOD_MATCH = YES;
				"CODE_SIGN_IDENTITY[sdk=iphoneos*]" = "iPhone Developer";
				COPY_PHASE_STRIP = YES;
				ENABLE_NS_ASSERTIONS = NO;
				ENABLE_STRICT_OBJC_MSGSEND = YES;
				GCC_C_LANGUAGE_STANDARD = gnu99;
				GCC_WARN_64_TO_32_BIT_CONVERSION = YES;
				GCC_WARN_ABOUT_RETURN_TYPE = YES_ERROR;
				GCC_WARN_UNDECLARED_SELECTOR = YES;
				GCC_WARN_UNINITIALIZED_AUTOS = YES_AGGRESSIVE;
				GCC_WARN_UNUSED_FUNCTION = YES;
				GCC_WARN_UNUSED_VARIABLE = YES;
				IPHONEOS_DEPLOYMENT_TARGET = 8.1;
				MTL_ENABLE_DEBUG_INFO = NO;
				SDKROOT = iphoneos;
				VALIDATE_PRODUCT = YES;
			};
			name = Release;
		};
		466823171A8F4D3900609F32 /* Debug */ = {
			isa = XCBuildConfiguration;
			buildSettings = {
				ASSETCATALOG_COMPILER_APPICON_NAME = AppIcon;
				INFOPLIST_FILE = "CHXBannerView/Supporting Files/Info.plist";
				LD_RUNPATH_SEARCH_PATHS = "$(inherited) @executable_path/Frameworks";
				PRODUCT_NAME = "$(TARGET_NAME)";
			};
			name = Debug;
		};
		466823181A8F4D3900609F32 /* Release */ = {
			isa = XCBuildConfiguration;
			buildSettings = {
				ASSETCATALOG_COMPILER_APPICON_NAME = AppIcon;
				INFOPLIST_FILE = "CHXBannerView/Supporting Files/Info.plist";
				LD_RUNPATH_SEARCH_PATHS = "$(inherited) @executable_path/Frameworks";
				PRODUCT_NAME = "$(TARGET_NAME)";
			};
			name = Release;
		};
		4668231A1A8F4D3900609F32 /* Debug */ = {
			isa = XCBuildConfiguration;
			buildSettings = {
				BUNDLE_LOADER = "$(TEST_HOST)";
				FRAMEWORK_SEARCH_PATHS = (
					"$(SDKROOT)/Developer/Library/Frameworks",
					"$(inherited)",
				);
				GCC_PREPROCESSOR_DEFINITIONS = (
					"DEBUG=1",
					"$(inherited)",
				);
				INFOPLIST_FILE = "CHXBannerViewTests/Supporting Files/Info.plist";
				LD_RUNPATH_SEARCH_PATHS = "$(inherited) @executable_path/Frameworks @loader_path/Frameworks";
				PRODUCT_NAME = "$(TARGET_NAME)";
				TEST_HOST = "$(BUILT_PRODUCTS_DIR)/CHXBannerView.app/CHXBannerView";
			};
			name = Debug;
		};
		4668231B1A8F4D3900609F32 /* Release */ = {
			isa = XCBuildConfiguration;
			buildSettings = {
				BUNDLE_LOADER = "$(TEST_HOST)";
				FRAMEWORK_SEARCH_PATHS = (
					"$(SDKROOT)/Developer/Library/Frameworks",
					"$(inherited)",
				);
				INFOPLIST_FILE = "CHXBannerViewTests/Supporting Files/Info.plist";
				LD_RUNPATH_SEARCH_PATHS = "$(inherited) @executable_path/Frameworks @loader_path/Frameworks";
				PRODUCT_NAME = "$(TARGET_NAME)";
				TEST_HOST = "$(BUILT_PRODUCTS_DIR)/CHXBannerView.app/CHXBannerView";
			};
			name = Release;
		};
/* End XCBuildConfiguration section */

/* Begin XCConfigurationList section */
		466822EE1A8F4D3900609F32 /* Build configuration list for PBXProject "CHXBannerView" */ = {
			isa = XCConfigurationList;
			buildConfigurations = (
				466823141A8F4D3900609F32 /* Debug */,
				466823151A8F4D3900609F32 /* Release */,
			);
			defaultConfigurationIsVisible = 0;
			defaultConfigurationName = Release;
		};
		466823161A8F4D3900609F32 /* Build configuration list for PBXNativeTarget "CHXBannerView" */ = {
			isa = XCConfigurationList;
			buildConfigurations = (
				466823171A8F4D3900609F32 /* Debug */,
				466823181A8F4D3900609F32 /* Release */,
			);
			defaultConfigurationIsVisible = 0;
			defaultConfigurationName = Release;
		};
		466823191A8F4D3900609F32 /* Build configuration list for PBXNativeTarget "CHXBannerViewTests" */ = {
			isa = XCConfigurationList;
			buildConfigurations = (
				4668231A1A8F4D3900609F32 /* Debug */,
				4668231B1A8F4D3900609F32 /* Release */,
			);
			defaultConfigurationIsVisible = 0;
			defaultConfigurationName = Release;
		};
/* End XCConfigurationList section */
	};
	rootObject = 466822EB1A8F4D3900609F32 /* Project object */;
}
